
Microsoft Visual Studio Solution File, Format Version 12.00
# Visual Studio 2012
Project("{F14B399A-7131-4C87-9E4B-1186C45EF12D}") = "M3SSRS", "M3SSRS\M3SSRS.rptproj", "{5AE8946D-B92B-4BD5-823F-1BEA70C27C9E}"
EndProject
Global
	GlobalSection(SolutionConfigurationPlatforms) = preSolution
		Debug|Default = Debug|Default
		DebugLocal|Default = DebugLocal|Default
		Release|Default = Release|Default
	EndGlobalSection
	GlobalSection(ProjectConfigurationPlatforms) = postSolution
		{5AE8946D-B92B-4BD5-823F-1BEA70C27C9E}.Debug|Default.ActiveCfg = Debug
		{5AE8946D-B92B-4BD5-823F-1BEA70C27C9E}.Debug|Default.Build.0 = Debug
		{5AE8946D-B92B-4BD5-823F-1BEA70C27C9E}.Debug|Default.Deploy.0 = Debug
		{5AE8946D-B92B-4BD5-823F-1BEA70C27C9E}.DebugLocal|Default.ActiveCfg = DebugLocal
		{5AE8946D-B92B-4BD5-823F-1BEA70C27C9E}.DebugLocal|Default.Build.0 = DebugLocal
		{5AE8946D-B92B-4BD5-823F-1BEA70C27C9E}.Release|Default.ActiveCfg = Release
		{5AE8946D-B92B-4BD5-823F-1BEA70C27C9E}.Release|Default.Build.0 = Release
		{5AE8946D-B92B-4BD5-823F-1BEA70C27C9E}.Release|Default.Deploy.0 = Release
	EndGlobalSection
	GlobalSection(SolutionProperties) = preSolution
		HideSolutionNode = FALSE
	EndGlobalSection
EndGlobal
